// !$*UTF8*$!
{
	archiveVersion = 1;
	classes = {
	};
	objectVersion = 50;
	objects = {

/* Begin PBXBuildFile section */
		10CA898D22216C4F0020C4C5 /* AppDelegate.m in Sources */ = {isa = PBXBuildFile; fileRef = 10CA898C22216C4F0020C4C5 /* AppDelegate.m */; };
		10CA899022216C4F0020C4C5 /* ViewController.m in Sources */ = {isa = PBXBuildFile; fileRef = 10CA898F22216C4F0020C4C5 /* ViewController.m */; };
		10CA899322216C4F0020C4C5 /* Main.storyboard in Resources */ = {isa = PBXBuildFile; fileRef = 10CA899122216C4F0020C4C5 /* Main.storyboard */; };
		10CA899522216C500020C4C5 /* Assets.xcassets in Resources */ = {isa = PBXBuildFile; fileRef = 10CA899422216C500020C4C5 /* Assets.xcassets */; };
		10CA899822216C500020C4C5 /* LaunchScreen.storyboard in Resources */ = {isa = PBXBuildFile; fileRef = 10CA899622216C500020C4C5 /* LaunchScreen.storyboard */; };
		10CA899B22216C500020C4C5 /* main.m in Sources */ = {isa = PBXBuildFile; fileRef = 10CA899A22216C500020C4C5 /* main.m */; };
		10CA89A32221715E0020C4C5 /* NetworkManager.m in Sources */ = {isa = PBXBuildFile; fileRef = 10CA89A22221715E0020C4C5 /* NetworkManager.m */; };
		10CA89A622219A8F0020C4C5 /* User.m in Sources */ = {isa = PBXBuildFile; fileRef = 10CA89A522219A8F0020C4C5 /* User.m */; };
		10CA89A92221A8850020C4C5 /* UserProfileViewController.m in Sources */ = {isa = PBXBuildFile; fileRef = 10CA89A82221A8850020C4C5 /* UserProfileViewController.m */; };
		FD576569475BCCA4AFCFEA0C /* libPods-DZ-45.a in Frameworks */ = {isa = PBXBuildFile; fileRef = 80BCC833D697E8DEE2CA0649 /* libPods-DZ-45.a */; };
/* End PBXBuildFile section */

/* Begin PBXFileReference section */
		10CA898822216C4F0020C4C5 /* DZ-45.app */ = {isa = PBXFileReference; explicitFileType = wrapper.application; includeInIndex = 0; path = "DZ-45.app"; sourceTree = BUILT_PRODUCTS_DIR; };
		10CA898B22216C4F0020C4C5 /* AppDelegate.h */ = {isa = PBXFileReference; lastKnownFileType = sourcecode.c.h; path = AppDelegate.h; sourceTree = "<group>"; };
		10CA898C22216C4F0020C4C5 /* AppDelegate.m */ = {isa = PBXFileReference; lastKnownFileType = sourcecode.c.objc; path = AppDelegate.m; sourceTree = "<group>"; };
		10CA898E22216C4F0020C4C5 /* ViewController.h */ = {isa = PBXFileReference; lastKnownFileType = sourcecode.c.h; path = ViewController.h; sourceTree = "<group>"; };
		10CA898F22216C4F0020C4C5 /* ViewController.m */ = {isa = PBXFileReference; lastKnownFileType = sourcecode.c.objc; path = ViewController.m; sourceTree = "<group>"; };
		10CA899222216C4F0020C4C5 /* Base */ = {isa = PBXFileReference; lastKnownFileType = file.storyboard; name = Base; path = Base.lproj/Main.storyboard; sourceTree = "<group>"; };
		10CA899422216C500020C4C5 /* Assets.xcassets */ = {isa = PBXFileReference; lastKnownFileType = folder.assetcatalog; path = Assets.xcassets; sourceTree = "<group>"; };
		10CA899722216C500020C4C5 /* Base */ = {isa = PBXFileReference; lastKnownFileType = file.storyboard; name = Base; path = Base.lproj/LaunchScreen.storyboard; sourceTree = "<group>"; };
		10CA899922216C500020C4C5 /* Info.plist */ = {isa = PBXFileReference; lastKnownFileType = text.plist.xml; path = Info.plist; sourceTree = "<group>"; };
		10CA899A22216C500020C4C5 /* main.m */ = {isa = PBXFileReference; lastKnownFileType = sourcecode.c.objc; path = main.m; sourceTree = "<group>"; };
		10CA89A12221715E0020C4C5 /* NetworkManager.h */ = {isa = PBXFileReference; lastKnownFileType = sourcecode.c.h; path = NetworkManager.h; sourceTree = "<group>"; };
		10CA89A22221715E0020C4C5 /* NetworkManager.m */ = {isa = PBXFileReference; lastKnownFileType = sourcecode.c.objc; path = NetworkManager.m; sourceTree = "<group>"; };
		10CA89A422219A8F0020C4C5 /* User.h */ = {isa = PBXFileReference; lastKnownFileType = sourcecode.c.h; path = User.h; sourceTree = "<group>"; };
		10CA89A522219A8F0020C4C5 /* User.m */ = {isa = PBXFileReference; lastKnownFileType = sourcecode.c.objc; path = User.m; sourceTree = "<group>"; };
		10CA89A72221A8850020C4C5 /* UserProfileViewController.h */ = {isa = PBXFileReference; lastKnownFileType = sourcecode.c.h; path = UserProfileViewController.h; sourceTree = "<group>"; };
		10CA89A82221A8850020C4C5 /* UserProfileViewController.m */ = {isa = PBXFileReference; lastKnownFileType = sourcecode.c.objc; path = UserProfileViewController.m; sourceTree = "<group>"; };
		66208C2C96F699672A472208 /* Pods-DZ-45.release.xcconfig */ = {isa = PBXFileReference; includeInIndex = 1; lastKnownFileType = text.xcconfig; name = "Pods-DZ-45.release.xcconfig"; path = "Target Support Files/Pods-DZ-45/Pods-DZ-45.release.xcconfig"; sourceTree = "<group>"; };
		7FB165CE5F27492B23083751 /* Pods-DZ-45.debug.xcconfig */ = {isa = PBXFileReference; includeInIndex = 1; lastKnownFileType = text.xcconfig; name = "Pods-DZ-45.debug.xcconfig"; path = "Target Support Files/Pods-DZ-45/Pods-DZ-45.debug.xcconfig"; sourceTree = "<group>"; };
		80BCC833D697E8DEE2CA0649 /* libPods-DZ-45.a */ = {isa = PBXFileReference; explicitFileType = archive.ar; includeInIndex = 0; path = "libPods-DZ-45.a"; sourceTree = BUILT_PRODUCTS_DIR; };
/* End PBXFileReference section */

/* Begin PBXFrameworksBuildPhase section */
		10CA898522216C4F0020C4C5 /* Frameworks */ = {
			isa = PBXFrameworksBuildPhase;
			buildActionMask = 2147483647;
			files = (
				FD576569475BCCA4AFCFEA0C /* libPods-DZ-45.a in Frameworks */,
			);
			runOnlyForDeploymentPostprocessing = 0;
		};
/* End PBXFrameworksBuildPhase section */

/* Begin PBXGroup section */
		10CA897F22216C4F0020C4C5 = {
			isa = PBXGroup;
			children = (
				10CA898A22216C4F0020C4C5 /* DZ-45 */,
				10CA898922216C4F0020C4C5 /* Products */,
				3DFCEAA364B7112AC32CD974 /* Pods */,
				A7405BC378647704324B26D2 /* Frameworks */,
			);
			sourceTree = "<group>";
		};
		10CA898922216C4F0020C4C5 /* Products */ = {
			isa = PBXGroup;
			children = (
				10CA898822216C4F0020C4C5 /* DZ-45.app */,
			);
			name = Products;
			sourceTree = "<group>";
		};
		10CA898A22216C4F0020C4C5 /* DZ-45 */ = {
			isa = PBXGroup;
			children = (
				10CA89A422219A8F0020C4C5 /* User.h */,
				10CA89A522219A8F0020C4C5 /* User.m */,
				10CA89A12221715E0020C4C5 /* NetworkManager.h */,
				10CA89A22221715E0020C4C5 /* NetworkManager.m */,
				10CA898B22216C4F0020C4C5 /* AppDelegate.h */,
				10CA898C22216C4F0020C4C5 /* AppDelegate.m */,
				10CA898E22216C4F0020C4C5 /* ViewController.h */,
				10CA898F22216C4F0020C4C5 /* ViewController.m */,
				10CA89A72221A8850020C4C5 /* UserProfileViewController.h */,
				10CA89A82221A8850020C4C5 /* UserProfileViewController.m */,
				10CA899122216C4F0020C4C5 /* Main.storyboard */,
				10CA899422216C500020C4C5 /* Assets.xcassets */,
				10CA899622216C500020C4C5 /* LaunchScreen.storyboard */,
				10CA899922216C500020C4C5 /* Info.plist */,
				10CA899A22216C500020C4C5 /* main.m */,
			);
			path = "DZ-45";
			sourceTree = "<group>";
		};
		3DFCEAA364B7112AC32CD974 /* Pods */ = {
			isa = PBXGroup;
			children = (
				7FB165CE5F27492B23083751 /* Pods-DZ-45.debug.xcconfig */,
				66208C2C96F699672A472208 /* Pods-DZ-45.release.xcconfig */,
			);
			path = Pods;
			sourceTree = "<group>";
		};
		A7405BC378647704324B26D2 /* Frameworks */ = {
			isa = PBXGroup;
			children = (
				80BCC833D697E8DEE2CA0649 /* libPods-DZ-45.a */,
			);
			name = Frameworks;
			sourceTree = "<group>";
		};
/* End PBXGroup section */

/* Begin PBXNativeTarget section */
		10CA898722216C4F0020C4C5 /* DZ-45 */ = {
			isa = PBXNativeTarget;
			buildConfigurationList = 10CA899E22216C500020C4C5 /* Build configuration list for PBXNativeTarget "DZ-45" */;
			buildPhases = (
				9D5420EA46DA35BE8B8BC49F /* [CP] Check Pods Manifest.lock */,
				10CA898422216C4F0020C4C5 /* Sources */,
				10CA898522216C4F0020C4C5 /* Frameworks */,
				10CA898622216C4F0020C4C5 /* Resources */,
			);
			buildRules = (
			);
			dependencies = (
			);
			name = "DZ-45";
			productName = "DZ-45";
			productReference = 10CA898822216C4F0020C4C5 /* DZ-45.app */;
			productType = "com.apple.product-type.application";
		};
/* End PBXNativeTarget section */

/* Begin PBXProject section */
		10CA898022216C4F0020C4C5 /* Project object */ = {
			isa = PBXProject;
			attributes = {
				LastUpgradeCheck = 1010;
				ORGANIZATIONNAME = mbp;
				TargetAttributes = {
					10CA898722216C4F0020C4C5 = {
						CreatedOnToolsVersion = 10.1;
					};
				};
			};
			buildConfigurationList = 10CA898322216C4F0020C4C5 /* Build configuration list for PBXProject "DZ-45" */;
			compatibilityVersion = "Xcode 9.3";
			developmentRegion = en;
			hasScannedForEncodings = 0;
			knownRegions = (
				en,
				Base,
			);
			mainGroup = 10CA897F22216C4F0020C4C5;
			productRefGroup = 10CA898922216C4F0020C4C5 /* Products */;
			projectDirPath = "";
			projectRoot = "";
			targets = (
				10CA898722216C4F0020C4C5 /* DZ-45 */,
			);
		};
/* End PBXProject section */

/* Begin PBXResourcesBuildPhase section */
		10CA898622216C4F0020C4C5 /* Resources */ = {
			isa = PBXResourcesBuildPhase;
			buildActionMask = 2147483647;
			files = (
				10CA899822216C500020C4C5 /* LaunchScreen.storyboard in Resources */,
				10CA899522216C500020C4C5 /* Assets.xcassets in Resources */,
				10CA899322216C4F0020C4C5 /* Main.storyboard in Resources */,
			);
			runOnlyForDeploymentPostprocessing = 0;
		};
/* End PBXResourcesBuildPhase section */

/* Begin PBXShellScriptBuildPhase section */
		9D5420EA46DA35BE8B8BC49F /* [CP] Check Pods Manifest.lock */ = {
			isa = PBXShellScriptBuildPhase;
			buildActionMask = 2147483647;
			files = (
			);
			inputFileListPaths = (
			);
			inputPaths = (
				"${PODS_PODFILE_DIR_PATH}/Podfile.lock",
				"${PODS_ROOT}/Manifest.lock",
			);
			name = "[CP] Check Pods Manifest.lock";
			outputFileListPaths = (
			);
			outputPaths = (
				"$(DERIVED_FILE_DIR)/Pods-DZ-45-checkManifestLockResult.txt",
			);
			runOnlyForDeploymentPostprocessing = 0;
			shellPath = /bin/sh;
			shellScript = "diff \"${PODS_PODFILE_DIR_PATH}/Podfile.lock\" \"${PODS_ROOT}/Manifest.lock\" > /dev/null\nif [ $? != 0 ] ; then\n    # print error to STDERR\n    echo \"error: The sandbox is not in sync with the Podfile.lock. Run 'pod install' or update your CocoaPods installation.\" >&2\n    exit 1\nfi\n# This output is used by Xcode 'outputs' to avoid re-running this script phase.\necho \"SUCCESS\" > \"${SCRIPT_OUTPUT_FILE_0}\"\n";
			showEnvVarsInLog = 0;
		};
/* End PBXShellScriptBuildPhase section */

/* Begin PBXSourcesBuildPhase section */
		10CA898422216C4F0020C4C5 /* Sources */ = {
			isa = PBXSourcesBuildPhase;
			buildActionMask = 2147483647;
			files = (
				10CA89A622219A8F0020C4C5 /* User.m in Sources */,
				10CA89A32221715E0020C4C5 /* NetworkManager.m in Sources */,
				10CA899022216C4F0020C4C5 /* ViewController.m in Sources */,
				10CA89A92221A8850020C4C5 /* UserProfileViewController.m in Sources */,
				10CA899B22216C500020C4C5 /* main.m in Sources */,
				10CA898D22216C4F0020C4C5 /* AppDelegate.m in Sources */,
			);
			runOnlyForDeploymentPostprocessing = 0;
		};
/* End PBXSourcesBuildPhase section */

/* Begin PBXVariantGroup section */
		10CA899122216C4F0020C4C5 /* Main.storyboard */ = {
			isa = PBXVariantGroup;
			children = (
				10CA899222216C4F0020C4C5 /* Base */,
			);
			name = Main.storyboard;
			sourceTree = "<group>";
		};
		10CA899622216C500020C4C5 /* LaunchScreen.storyboard */ = {
			isa = PBXVariantGroup;
			children = (
				10CA899722216C500020C4C5 /* Base */,
			);
			name = LaunchScreen.storyboard;
			sourceTree = "<group>";
		};
/* End PBXVariantGroup section */

/* Begin XCBuildConfiguration section */
		10CA899C22216C500020C4C5 /* Debug */ = {
			isa = XCBuildConfiguration;
			buildSettings = {
				ALWAYS_SEARCH_USER_PATHS = NO;
				CLANG_ANALYZER_NONNULL = YES;
				CLANG_ANALYZER_NUMBER_OBJECT_CONVERSION = YES_AGGRESSIVE;
				CLANG_CXX_LANGUAGE_STANDARD = "gnu++14";
				CLANG_CXX_LIBRARY = "libc++";
				CLANG_ENABLE_MODULES = YES;
				CLANG_ENABLE_OBJC_ARC = YES;
				CLANG_ENABLE_OBJC_WEAK = YES;
				CLANG_WARN_BLOCK_CAPTURE_AUTORELEASING = YES;
				CLANG_WARN_BOOL_CONVERSION = YES;
				CLANG_WARN_COMMA = YES;
				CLANG_WARN_CONSTANT_CONVERSION = YES;
				CLANG_WARN_DEPRECATED_OBJC_IMPLEMENTATIONS = YES;
				CLANG_WARN_DIRECT_OBJC_ISA_USAGE = YES_ERROR;
				CLANG_WARN_DOCUMENTATION_COMMENTS = YES;
				CLANG_WARN_EMPTY_BODY = YES;
				CLANG_WARN_ENUM_CONVERSION = YES;
				CLANG_WARN_INFINITE_RECURSION = YES;
				CLANG_WARN_INT_CONVERSION = YES;
				CLANG_WARN_NON_LITERAL_NULL_CONVERSION = YES;
				CLANG_WARN_OBJC_IMPLICIT_RETAIN_SELF = YES;
				CLANG_WARN_OBJC_LITERAL_CONVERSION = YES;
				CLANG_WARN_OBJC_ROOT_CLASS = YES_ERROR;
				CLANG_WARN_RANGE_LOOP_ANALYSIS = YES;
				CLANG_WARN_STRICT_PROTOTYPES = YES;
				CLANG_WARN_SUSPICIOUS_MOVE = YES;
				CLANG_WARN_UNGUARDED_AVAILABILITY = YES_AGGRESSIVE;
				CLANG_WARN_UNREACHABLE_CODE = YES;
				CLANG_WARN__DUPLICATE_METHOD_MATCH = YES;
				CODE_SIGN_IDENTITY = "iPhone Developer";
				COPY_PHASE_STRIP = NO;
				DEBUG_INFORMATION_FORMAT = dwarf;
				ENABLE_STRICT_OBJC_MSGSEND = YES;
				ENABLE_TESTABILITY = YES;
				GCC_C_LANGUAGE_STANDARD = gnu11;
				GCC_DYNAMIC_NO_PIC = NO;
				GCC_NO_COMMON_BLOCKS = YES;
				GCC_OPTIMIZATION_LEVEL = 0;
				GCC_PREPROCESSOR_DEFINITIONS = (
					"DEBUG=1",
					"$(inherited)",
				);
				GCC_WARN_64_TO_32_BIT_CONVERSION = YES;
				GCC_WARN_ABOUT_RETURN_TYPE = YES_ERROR;
				GCC_WARN_UNDECLARED_SELECTOR = YES;
				GCC_WARN_UNINITIALIZED_AUTOS = YES_AGGRESSIVE;
				GCC_WARN_UNUSED_FUNCTION = YES;
				GCC_WARN_UNUSED_VARIABLE = YES;
				IPHONEOS_DEPLOYMENT_TARGET = 12.1;
				MTL_ENABLE_DEBUG_INFO = INCLUDE_SOURCE;
				MTL_FAST_MATH = YES;
				ONLY_ACTIVE_ARCH = YES;
				SDKROOT = iphoneos;
			};
			name = Debug;
		};
		10CA899D22216C500020C4C5 /* Release */ = {
			isa = XCBuildConfiguration;
			buildSettings = {
				ALWAYS_SEARCH_USER_PATHS = NO;
				CLANG_ANALYZER_NONNULL = YES;
				CLANG_ANALYZER_NUMBER_OBJECT_CONVERSION = YES_AGGRESSIVE;
				CLANG_CXX_LANGUAGE_STANDARD = "gnu++14";
				CLANG_CXX_LIBRARY = "libc++";
				CLANG_ENABLE_MODULES = YES;
				CLANG_ENABLE_OBJC_ARC = YES;
				CLANG_ENABLE_OBJC_WEAK = YES;
				CLANG_WARN_BLOCK_CAPTURE_AUTORELEASING = YES;
				CLANG_WARN_BOOL_CONVERSION = YES;
				CLANG_WARN_COMMA = YES;
				CLANG_WARN_CONSTANT_CONVERSION = YES;
				CLANG_WARN_DEPRECATED_OBJC_IMPLEMENTATIONS = YES;
				CLANG_WARN_DIRECT_OBJC_ISA_USAGE = YES_ERROR;
				CLANG_WARN_DOCUMENTATION_COMMENTS = YES;
				CLANG_WARN_EMPTY_BODY = YES;
				CLANG_WARN_ENUM_CONVERSION = YES;
				CLANG_WARN_INFINITE_RECURSION = YES;
				CLANG_WARN_INT_CONVERSION = YES;
				CLANG_WARN_NON_LITERAL_NULL_CONVERSION = YES;
				CLANG_WARN_OBJC_IMPLICIT_RETAIN_SELF = YES;
				CLANG_WARN_OBJC_LITERAL_CONVERSION = YES;
				CLANG_WARN_OBJC_ROOT_CLASS = YES_ERROR;
				CLANG_WARN_RANGE_LOOP_ANALYSIS = YES;
				CLANG_WARN_STRICT_PROTOTYPES = YES;
				CLANG_WARN_SUSPICIOUS_MOVE = YES;
				CLANG_WARN_UNGUARDED_AVAILABILITY = YES_AGGRESSIVE;
				CLANG_WARN_UNREACHABLE_CODE = YES;
				CLANG_WARN__DUPLICATE_METHOD_MATCH = YES;
				CODE_SIGN_IDENTITY = "iPhone Developer";
				COPY_PHASE_STRIP = NO;
				DEBUG_INFORMATION_FORMAT = "dwarf-with-dsym";
				ENABLE_NS_ASSERTIONS = NO;
				ENABLE_STRICT_OBJC_MSGSEND = YES;
				GCC_C_LANGUAGE_STANDARD = gnu11;
				GCC_NO_COMMON_BLOCKS = YES;
				GCC_WARN_64_TO_32_BIT_CONVERSION = YES;
				GCC_WARN_ABOUT_RETURN_TYPE = YES_ERROR;
				GCC_WARN_UNDECLARED_SELECTOR = YES;
				GCC_WARN_UNINITIALIZED_AUTOS = YES_AGGRESSIVE;
				GCC_WARN_UNUSED_FUNCTION = YES;
				GCC_WARN_UNUSED_VARIABLE = YES;
				IPHONEOS_DEPLOYMENT_TARGET = 12.1;
				MTL_ENABLE_DEBUG_INFO = NO;
				MTL_FAST_MATH = YES;
				SDKROOT = iphoneos;
				VALIDATE_PRODUCT = YES;
			};
			name = Release;
		};
		10CA899F22216C500020C4C5 /* Debug */ = {
			isa = XCBuildConfiguration;
			baseConfigurationReference = 7FB165CE5F27492B23083751 /* Pods-DZ-45.debug.xcconfig */;
			buildSettings = {
				ASSETCATALOG_COMPILER_APPICON_NAME = AppIcon;
				CODE_SIGN_STYLE = Automatic;
				DEVELOPMENT_TEAM = 8F9YRL2B2F;
				INFOPLIST_FILE = "DZ-45/Info.plist";
				LD_RUNPATH_SEARCH_PATHS = (
					"$(inherited)",
					"@executable_path/Frameworks",
				);
				PRODUCT_BUNDLE_IDENTIFIER = "test.DZ-45";
				PRODUCT_NAME = "$(TARGET_NAME)";
				TARGETED_DEVICE_FAMILY = "1,2";
			};
			name = Debug;
		};
		10CA89A022216C500020C4C5 /* Release */ = {
			isa = XCBuildConfiguration;
			baseConfigurationReference = 66208C2C96F699672A472208 /* Pods-DZ-45.release.xcconfig */;
			buildSettings = {
				ASSETCATALOG_COMPILER_APPICON_NAME = AppIcon;
				CODE_SIGN_STYLE = Automatic;
				DEVELOPMENT_TEAM = 8F9YRL2B2F;
				INFOPLIST_FILE = "DZ-45/Info.plist";
				LD_RUNPATH_SEARCH_PATHS = (
					"$(inherited)",
					"@executable_path/Frameworks",
				);
				PRODUCT_BUNDLE_IDENTIFIER = "test.DZ-45";
				PRODUCT_NAME = "$(TARGET_NAME)";
				TARGETED_DEVICE_FAMILY = "1,2";
			};
			name = Release;
		};
/* End XCBuildConfiguration section */

/* Begin XCConfigurationList section */
		10CA898322216C4F0020C4C5 /* Build configuration list for PBXProject "DZ-45" */ = {
			isa = XCConfigurationList;
			buildConfigurations = (
				10CA899C22216C500020C4C5 /* Debug */,
				10CA899D22216C500020C4C5 /* Release */,
			);
			defaultConfigurationIsVisible = 0;
			defaultConfigurationName = Release;
		};
		10CA899E22216C500020C4C5 /* Build configuration list for PBXNativeTarget "DZ-45" */ = {
			isa = XCConfigurationList;
			buildConfigurations = (
				10CA899F22216C500020C4C5 /* Debug */,
				10CA89A022216C500020C4C5 /* Release */,
			);
			defaultConfigurationIsVisible = 0;
			defaultConfigurationName = Release;
		};
/* End XCConfigurationList section */
	};
	rootObject = 10CA898022216C4F0020C4C5 /* Project object */;
}
